<Solution>
  <Project Path="TomadaStore.CustomerAPI/TomadaStore.CustomerAPI.csproj" />
  <Project Path="TomadaStore.ProductAPI/TomadaStore.ProductAPI.csproj" />
  <Project Path="TomadaStore.SaleAPI/TomadaStore.SaleAPI.csproj" />
  <Project Path="TomadaStore/TomadaStore.Models.csproj" />
</Solution>
